
Microsoft Visual Studio Solution File, Format Version 12.00
# Visual Studio Version 17
VisualStudioVersion = 17.7.33920.267
MinimumVisualStudioVersion = 10.0.40219.1
Project("{FAE04EC0-301F-11D3-BF4B-00C04F79EFBC}") = "WorkloadSetBuilder", "src\WorkloadSetBuilder\WorkloadSetBuilder.csproj", "{7EDB5924-188D-472F-B95B-C5BF6461DB41}"
EndProject
Global
	GlobalSection(SolutionConfigurationPlatforms) = preSolution
		Debug|Any CPU = Debug|Any CPU
		Release|Any CPU = Release|Any CPU
	EndGlobalSection
	GlobalSection(ProjectConfigurationPlatforms) = postSolution
		{7EDB5924-188D-472F-B95B-C5BF6461DB41}.Debug|Any CPU.ActiveCfg = Debug|Any CPU
		{7EDB5924-188D-472F-B95B-C5BF6461DB41}.Debug|Any CPU.Build.0 = Debug|Any CPU
		{7EDB5924-188D-472F-B95B-C5BF6461DB41}.Release|Any CPU.ActiveCfg = Release|Any CPU
		{7EDB5924-188D-472F-B95B-C5BF6461DB41}.Release|Any CPU.Build.0 = Release|Any CPU
	EndGlobalSection
	GlobalSection(SolutionProperties) = preSolution
		HideSolutionNode = FALSE
	EndGlobalSection
	GlobalSection(ExtensibilityGlobals) = postSolution
		SolutionGuid = {DAEFAB38-2A02-457B-A3D1-3575DF493CE1}
	EndGlobalSection
EndGlobal
