
Microsoft Visual Studio Solution File, Format Version 12.00
# Visual Studio Version 17
VisualStudioVersion = 17.7.33920.267
MinimumVisualStudioVersion = 10.0.40219.1
Project("{FAE04EC0-301F-11D3-BF4B-00C04F79EFBC}") = "Microsoft.NET.Workloads", "src\Microsoft.NET.Workloads\Microsoft.NET.Workloads.csproj", "{7EDB5924-188D-472F-B95B-C5BF6461DB41}"
EndProject
Project("{2150E333-8FDC-42A3-9474-1A3956D46DE8}") = "src", "src", "{BF919689-7AF6-4B39-B6C8-0D5ADFE3D484}"
EndProject
Project("{FAE04EC0-301F-11D3-BF4B-00C04F79EFBC}") = "Microsoft.NET.Workloads.Vsman", "src\Microsoft.NET.Workloads.Vsman\Microsoft.NET.Workloads.Vsman.csproj", "{083601A3-E571-454B-809C-7DCA8D535EFF}"
EndProject
Global
	GlobalSection(SolutionConfigurationPlatforms) = preSolution
		Debug|Any CPU = Debug|Any CPU
		Release|Any CPU = Release|Any CPU
	EndGlobalSection
	GlobalSection(ProjectConfigurationPlatforms) = postSolution
		{7EDB5924-188D-472F-B95B-C5BF6461DB41}.Debug|Any CPU.ActiveCfg = Debug|Any CPU
		{7EDB5924-188D-472F-B95B-C5BF6461DB41}.Debug|Any CPU.Build.0 = Debug|Any CPU
		{7EDB5924-188D-472F-B95B-C5BF6461DB41}.Release|Any CPU.ActiveCfg = Release|Any CPU
		{7EDB5924-188D-472F-B95B-C5BF6461DB41}.Release|Any CPU.Build.0 = Release|Any CPU
		{083601A3-E571-454B-809C-7DCA8D535EFF}.Debug|Any CPU.ActiveCfg = Debug|Any CPU
		{083601A3-E571-454B-809C-7DCA8D535EFF}.Debug|Any CPU.Build.0 = Debug|Any CPU
		{083601A3-E571-454B-809C-7DCA8D535EFF}.Release|Any CPU.ActiveCfg = Release|Any CPU
		{083601A3-E571-454B-809C-7DCA8D535EFF}.Release|Any CPU.Build.0 = Release|Any CPU
	EndGlobalSection
	GlobalSection(SolutionProperties) = preSolution
		HideSolutionNode = FALSE
	EndGlobalSection
	GlobalSection(ExtensibilityGlobals) = postSolution
		SolutionGuid = {DAEFAB38-2A02-457B-A3D1-3575DF493CE1}
	EndGlobalSection
	GlobalSection(NestedProjects) = preSolution
		{083601A3-E571-454B-809C-7DCA8D535EFF} = {BF919689-7AF6-4B39-B6C8-0D5ADFE3D484}
	EndGlobalSection
EndGlobal
